
Microsoft Visual Studio Solution File, Format Version 12.00
# Visual Studio Version 16
VisualStudioVersion = 16.0.30225.117
MinimumVisualStudioVersion = 10.0.40219.1
Project("{FAE04EC0-301F-11D3-BF4B-00C04F79EFBC}") = "CodeAlongCustumer", "CodeAlongCustumer\CodeAlongCustumer.csproj", "{187D46F0-A9E5-4F68-8A0A-4147A72912C0}"
EndProject
Global
	GlobalSection(SolutionConfigurationPlatforms) = preSolution
		Debug|Any CPU = Debug|Any CPU
		Release|Any CPU = Release|Any CPU
	EndGlobalSection
	GlobalSection(ProjectConfigurationPlatforms) = postSolution
		{187D46F0-A9E5-4F68-8A0A-4147A72912C0}.Debug|Any CPU.ActiveCfg = Debug|Any CPU
		{187D46F0-A9E5-4F68-8A0A-4147A72912C0}.Debug|Any CPU.Build.0 = Debug|Any CPU
		{187D46F0-A9E5-4F68-8A0A-4147A72912C0}.Release|Any CPU.ActiveCfg = Release|Any CPU
		{187D46F0-A9E5-4F68-8A0A-4147A72912C0}.Release|Any CPU.Build.0 = Release|Any CPU
	EndGlobalSection
	GlobalSection(SolutionProperties) = preSolution
		HideSolutionNode = FALSE
	EndGlobalSection
	GlobalSection(ExtensibilityGlobals) = postSolution
		SolutionGuid = {B8E3CC34-5595-4949-A3D0-3222111A330A}
	EndGlobalSection
EndGlobal
